
Microsoft Visual Studio Solution File, Format Version 12.00
# Visual Studio Version 17
VisualStudioVersion = 17.0.31903.59
MinimumVisualStudioVersion = 10.0.40219.1
Project("{FAE04EC0-301F-11D3-BF4B-00C04F79EFBC}") = "Core", "Core\Core.csproj", "{B6FAAB64-31B4-4EB7-9F13-6AFD916246C8}"
EndProject
Project("{FAE04EC0-301F-11D3-BF4B-00C04F79EFBC}") = "Core.Tests", "Core.Tests\Core.Tests.csproj", "{C7F2D807-55FE-4D95-A0D3-F2B945D58500}"
EndProject
Project("{FAE04EC0-301F-11D3-BF4B-00C04F79EFBC}") = "Jobs.Initializer", "Jobs.Initializer\Jobs.Initializer.csproj", "{F5343BCB-AA84-4170-9481-4E658145F4FA}"
EndProject
Project("{FAE04EC0-301F-11D3-BF4B-00C04F79EFBC}") = "Embedding", "Embedding\Embedding.csproj", "{D33861FC-2E75-44D2-A676-BEA07295C915}"
EndProject
Project("{FAE04EC0-301F-11D3-BF4B-00C04F79EFBC}") = "AlbinRonnkvist.HybridSearch.Api", "AlbinRonnkvist.HybridSearch.Api\AlbinRonnkvist.HybridSearch.Api.csproj", "{DAEBFD51-0F3B-4572-AC10-D893D1B192AC}"
EndProject
Project("{FAE04EC0-301F-11D3-BF4B-00C04F79EFBC}") = "AlbinRonnkvist.HybridSearch.Api.Tests", "AlbinRonnkvist.HybridSearch.Api.Tests\AlbinRonnkvist.HybridSearch.Api.Tests.csproj", "{78EAF1B3-CF22-4A68-BE16-6EF6460EC2EC}"
EndProject
Global
	GlobalSection(SolutionConfigurationPlatforms) = preSolution
		Debug|Any CPU = Debug|Any CPU
		Release|Any CPU = Release|Any CPU
	EndGlobalSection
	GlobalSection(SolutionProperties) = preSolution
		HideSolutionNode = FALSE
	EndGlobalSection
	GlobalSection(ProjectConfigurationPlatforms) = postSolution
		{B6FAAB64-31B4-4EB7-9F13-6AFD916246C8}.Debug|Any CPU.ActiveCfg = Debug|Any CPU
		{B6FAAB64-31B4-4EB7-9F13-6AFD916246C8}.Debug|Any CPU.Build.0 = Debug|Any CPU
		{B6FAAB64-31B4-4EB7-9F13-6AFD916246C8}.Release|Any CPU.ActiveCfg = Release|Any CPU
		{B6FAAB64-31B4-4EB7-9F13-6AFD916246C8}.Release|Any CPU.Build.0 = Release|Any CPU
		{C7F2D807-55FE-4D95-A0D3-F2B945D58500}.Debug|Any CPU.ActiveCfg = Debug|Any CPU
		{C7F2D807-55FE-4D95-A0D3-F2B945D58500}.Debug|Any CPU.Build.0 = Debug|Any CPU
		{C7F2D807-55FE-4D95-A0D3-F2B945D58500}.Release|Any CPU.ActiveCfg = Release|Any CPU
		{C7F2D807-55FE-4D95-A0D3-F2B945D58500}.Release|Any CPU.Build.0 = Release|Any CPU
		{F5343BCB-AA84-4170-9481-4E658145F4FA}.Debug|Any CPU.ActiveCfg = Debug|Any CPU
		{F5343BCB-AA84-4170-9481-4E658145F4FA}.Debug|Any CPU.Build.0 = Debug|Any CPU
		{F5343BCB-AA84-4170-9481-4E658145F4FA}.Release|Any CPU.ActiveCfg = Release|Any CPU
		{F5343BCB-AA84-4170-9481-4E658145F4FA}.Release|Any CPU.Build.0 = Release|Any CPU
		{D33861FC-2E75-44D2-A676-BEA07295C915}.Debug|Any CPU.ActiveCfg = Debug|Any CPU
		{D33861FC-2E75-44D2-A676-BEA07295C915}.Debug|Any CPU.Build.0 = Debug|Any CPU
		{D33861FC-2E75-44D2-A676-BEA07295C915}.Release|Any CPU.ActiveCfg = Release|Any CPU
		{D33861FC-2E75-44D2-A676-BEA07295C915}.Release|Any CPU.Build.0 = Release|Any CPU
		{DAEBFD51-0F3B-4572-AC10-D893D1B192AC}.Debug|Any CPU.ActiveCfg = Debug|Any CPU
		{DAEBFD51-0F3B-4572-AC10-D893D1B192AC}.Debug|Any CPU.Build.0 = Debug|Any CPU
		{DAEBFD51-0F3B-4572-AC10-D893D1B192AC}.Release|Any CPU.ActiveCfg = Release|Any CPU
		{DAEBFD51-0F3B-4572-AC10-D893D1B192AC}.Release|Any CPU.Build.0 = Release|Any CPU
		{78EAF1B3-CF22-4A68-BE16-6EF6460EC2EC}.Debug|Any CPU.ActiveCfg = Debug|Any CPU
		{78EAF1B3-CF22-4A68-BE16-6EF6460EC2EC}.Debug|Any CPU.Build.0 = Debug|Any CPU
		{78EAF1B3-CF22-4A68-BE16-6EF6460EC2EC}.Release|Any CPU.ActiveCfg = Release|Any CPU
		{78EAF1B3-CF22-4A68-BE16-6EF6460EC2EC}.Release|Any CPU.Build.0 = Release|Any CPU
	EndGlobalSection
EndGlobal
